
Microsoft Visual Studio Solution File, Format Version 12.00
# Visual Studio 2012
Project("{8BC9CEB8-8B4A-11D0-8D11-00A0C91BC942}") = "d3d9", "d3d9\d3d9.vcxproj", "{B751DC4C-8DDE-4219-ADC8-D3BEC797732A}"
EndProject
Project("{8BC9CEB8-8B4A-11D0-8D11-00A0C91BC942}") = "d3dx9_32", "d3dx9\d3dx9.vcxproj", "{48ECC702-208D-4077-8788-E233814EF6C0}"
EndProject
Global
	GlobalSection(SolutionConfigurationPlatforms) = preSolution
		Release|Win32 = Release|Win32
	EndGlobalSection
	GlobalSection(ProjectConfigurationPlatforms) = postSolution
		{B751DC4C-8DDE-4219-ADC8-D3BEC797732A}.Release|Win32.ActiveCfg = Release|Win32
		{B751DC4C-8DDE-4219-ADC8-D3BEC797732A}.Release|Win32.Build.0 = Release|Win32
		{48ECC702-208D-4077-8788-E233814EF6C0}.Release|Win32.ActiveCfg = Release|Win32
		{48ECC702-208D-4077-8788-E233814EF6C0}.Release|Win32.Build.0 = Release|Win32
	EndGlobalSection
	GlobalSection(SolutionProperties) = preSolution
		HideSolutionNode = FALSE
	EndGlobalSection
EndGlobal
