<?xml version="1.0" encoding="utf-8"?>
<Project ToolsVersion="4.0" xmlns="http://schemas.microsoft.com/developer/msbuild/2003">
  <ItemGroup>
    <Filter Include="src">
      <UniqueIdentifier>{4FC737F1-C7A5-4376-A066-2A32D752A2FF}</UniqueIdentifier>
      <Extensions>cpp;c;cc;cxx;def;odl;idl;hpj;bat;asm;asmx</Extensions>
    </Filter>
    <Filter Include="resource">
      <UniqueIdentifier>{67DA6AB6-F800-4c08-8B7A-83BB121AAD01}</UniqueIdentifier>
      <Extensions>rc;ico;cur;bmp;dlg;rc2;rct;bin;rgs;gif;jpg;jpeg;jpe;resx;tiff;tif;png;wav</Extensions>
    </Filter>
  </ItemGroup>
  <ItemGroup>
    <None Include="..\..\src\d3d9\hook.def">
      <Filter>resource</Filter>
    </None>
  </ItemGroup>
  <ItemGroup>
    <ResourceCompile Include="..\..\src\d3d9\d3d9.rc">
      <Filter>resource</Filter>
    </ResourceCompile>
  </ItemGroup>
  <ItemGroup>
    <ClInclude Include="..\..\src\d3d9\resource.h">
      <Filter>src</Filter>
    </ClInclude>
    <ClInclude Include="..\..\src\d3d9\d3d9.h">
      <Filter>src</Filter>
    </ClInclude>
    <ClInclude Include="..\..\src\d3d9\alembic.h">
      <Filter>src</Filter>
    </ClInclude>
    <ClInclude Include="..\..\src\d3d9\bridge_parameter.h">
      <Filter>src</Filter>
    </ClInclude>
    <ClInclude Include="..\..\src\d3d9\vmd.h">
      <Filter>src</Filter>
    </ClInclude>
  </ItemGroup>
  <ItemGroup>
    <ClCompile Include="..\..\src\d3d9\d3d9.cpp">
      <Filter>src</Filter>
    </ClCompile>
    <ClCompile Include="..\..\src\d3d9\alembic.cpp">
      <Filter>src</Filter>
    </ClCompile>
    <ClCompile Include="..\..\src\d3d9\bridge_parameter.cpp">
      <Filter>src</Filter>
    </ClCompile>
    <ClCompile Include="..\..\src\d3d9\vmd.cpp">
      <Filter>src</Filter>
    </ClCompile>
  </ItemGroup>
</Project>